// !$*UTF8*$!
{
	archiveVersion = 1;
	classes = {
	};
	objectVersion = 56;
	objects = {

/* Begin PBXBuildFile section */
		360267092C7B967800A5C547 /* day-view.png in Resources */ = {isa = PBXBuildFile; fileRef = 360267082C7B967800A5C547 /* day-view.png */; };
		3602670D2C7B968200A5C547 /* night-view.png in Resources */ = {isa = PBXBuildFile; fileRef = 3602670C2C7B968200A5C547 /* night-view.png */; };
		3602670F2C7B979B00A5C547 /* splash.png in Resources */ = {isa = PBXBuildFile; fileRef = 3602670E2C7B979B00A5C547 /* splash.png */; };
		3604F20E2C74055300F46C62 /* AppDelegate.swift in Sources */ = {isa = PBXBuildFile; fileRef = 3604F20D2C74055300F46C62 /* AppDelegate.swift */; };
		3604F2102C74055300F46C62 /* SceneDelegate.swift in Sources */ = {isa = PBXBuildFile; fileRef = 3604F20F2C74055300F46C62 /* SceneDelegate.swift */; };
		3604F2122C74055300F46C62 /* ViewController.swift in Sources */ = {isa = PBXBuildFile; fileRef = 3604F2112C74055300F46C62 /* ViewController.swift */; };
		3604F2152C74055300F46C62 /* Main.storyboard in Resources */ = {isa = PBXBuildFile; fileRef = 3604F2132C74055300F46C62 /* Main.storyboard */; };
		3604F2172C74055500F46C62 /* Assets.xcassets in Resources */ = {isa = PBXBuildFile; fileRef = 3604F2162C74055500F46C62 /* Assets.xcassets */; };
		3604F21A2C74055500F46C62 /* LaunchScreen.storyboard in Resources */ = {isa = PBXBuildFile; fileRef = 3604F2182C74055500F46C62 /* LaunchScreen.storyboard */; };
		3604F2222C750A0600F46C62 /* HourlyForecastCollectionViewCell.swift in Sources */ = {isa = PBXBuildFile; fileRef = 3604F2212C750A0600F46C62 /* HourlyForecastCollectionViewCell.swift */; };
		3604F22B2C753BC400F46C62 /* UIView+Extensions.swift in Sources */ = {isa = PBXBuildFile; fileRef = 3604F22A2C753BC400F46C62 /* UIView+Extensions.swift */; };
		3604F22E2C753C8700F46C62 /* API.swift in Sources */ = {isa = PBXBuildFile; fileRef = 3604F22D2C753C8700F46C62 /* API.swift */; };
		3604F2322C76AFDD00F46C62 /* DailyForecastTableViewCell.swift in Sources */ = {isa = PBXBuildFile; fileRef = 3604F2312C76AFDD00F46C62 /* DailyForecastTableViewCell.swift */; };
		3617CCEF2C77DD8900A70A81 /* Model.swift in Sources */ = {isa = PBXBuildFile; fileRef = 3617CCEE2C77DD8900A70A81 /* Model.swift */; };
		3617CCF12C77E7FA00A70A81 /* .gitignore in Resources */ = {isa = PBXBuildFile; fileRef = 3617CCF02C77E7FA00A70A81 /* .gitignore */; };
		3617CCF32C77E82D00A70A81 /* OpenWeatherApiKey.swift in Sources */ = {isa = PBXBuildFile; fileRef = 3617CCF22C77E82D00A70A81 /* OpenWeatherApiKey.swift */; };
		3617CCF82C78CF9900A70A81 /* Core+Extensions.swift in Sources */ = {isa = PBXBuildFile; fileRef = 3617CCF72C78CF9900A70A81 /* Core+Extensions.swift */; };
/* End PBXBuildFile section */

/* Begin PBXFileReference section */
		360267082C7B967800A5C547 /* day-view.png */ = {isa = PBXFileReference; lastKnownFileType = image.png; path = "day-view.png"; sourceTree = "<group>"; };
		3602670C2C7B968200A5C547 /* night-view.png */ = {isa = PBXFileReference; lastKnownFileType = image.png; path = "night-view.png"; sourceTree = "<group>"; };
		3602670E2C7B979B00A5C547 /* splash.png */ = {isa = PBXFileReference; lastKnownFileType = image.png; path = splash.png; sourceTree = "<group>"; };
		3604F20A2C74055300F46C62 /* weather-forecast-1.app */ = {isa = PBXFileReference; explicitFileType = wrapper.application; includeInIndex = 0; path = "weather-forecast-1.app"; sourceTree = BUILT_PRODUCTS_DIR; };
		3604F20D2C74055300F46C62 /* AppDelegate.swift */ = {isa = PBXFileReference; lastKnownFileType = sourcecode.swift; path = AppDelegate.swift; sourceTree = "<group>"; };
		3604F20F2C74055300F46C62 /* SceneDelegate.swift */ = {isa = PBXFileReference; lastKnownFileType = sourcecode.swift; path = SceneDelegate.swift; sourceTree = "<group>"; };
		3604F2112C74055300F46C62 /* ViewController.swift */ = {isa = PBXFileReference; lastKnownFileType = sourcecode.swift; path = ViewController.swift; sourceTree = "<group>"; };
		3604F2142C74055300F46C62 /* Base */ = {isa = PBXFileReference; lastKnownFileType = file.storyboard; name = Base; path = Base.lproj/Main.storyboard; sourceTree = "<group>"; };
		3604F2162C74055500F46C62 /* Assets.xcassets */ = {isa = PBXFileReference; lastKnownFileType = folder.assetcatalog; path = Assets.xcassets; sourceTree = "<group>"; };
		3604F2192C74055500F46C62 /* Base */ = {isa = PBXFileReference; lastKnownFileType = file.storyboard; name = Base; path = Base.lproj/LaunchScreen.storyboard; sourceTree = "<group>"; };
		3604F21B2C74055500F46C62 /* Info.plist */ = {isa = PBXFileReference; lastKnownFileType = text.plist.xml; path = Info.plist; sourceTree = "<group>"; };
		3604F2212C750A0600F46C62 /* HourlyForecastCollectionViewCell.swift */ = {isa = PBXFileReference; lastKnownFileType = sourcecode.swift; path = HourlyForecastCollectionViewCell.swift; sourceTree = "<group>"; };
		3604F22A2C753BC400F46C62 /* UIView+Extensions.swift */ = {isa = PBXFileReference; fileEncoding = 4; lastKnownFileType = sourcecode.swift; path = "UIView+Extensions.swift"; sourceTree = "<group>"; };
		3604F22D2C753C8700F46C62 /* API.swift */ = {isa = PBXFileReference; lastKnownFileType = sourcecode.swift; path = API.swift; sourceTree = "<group>"; };
		3604F2312C76AFDD00F46C62 /* DailyForecastTableViewCell.swift */ = {isa = PBXFileReference; lastKnownFileType = sourcecode.swift; path = DailyForecastTableViewCell.swift; sourceTree = "<group>"; };
		3617CCEE2C77DD8900A70A81 /* Model.swift */ = {isa = PBXFileReference; lastKnownFileType = sourcecode.swift; path = Model.swift; sourceTree = "<group>"; };
		3617CCF02C77E7FA00A70A81 /* .gitignore */ = {isa = PBXFileReference; fileEncoding = 4; lastKnownFileType = text; path = .gitignore; sourceTree = SOURCE_ROOT; };
		3617CCF22C77E82D00A70A81 /* OpenWeatherApiKey.swift */ = {isa = PBXFileReference; lastKnownFileType = sourcecode.swift; path = OpenWeatherApiKey.swift; sourceTree = "<group>"; };
		3617CCF72C78CF9900A70A81 /* Core+Extensions.swift */ = {isa = PBXFileReference; lastKnownFileType = sourcecode.swift; path = "Core+Extensions.swift"; sourceTree = "<group>"; };
/* End PBXFileReference section */

/* Begin PBXFrameworksBuildPhase section */
		3604F2072C74055300F46C62 /* Frameworks */ = {
			isa = PBXFrameworksBuildPhase;
			buildActionMask = 2147483647;
			files = (
			);
			runOnlyForDeploymentPostprocessing = 0;
		};
/* End PBXFrameworksBuildPhase section */

/* Begin PBXGroup section */
		360267072C7B966700A5C547 /* Screenshots */ = {
			isa = PBXGroup;
			children = (
				360267082C7B967800A5C547 /* day-view.png */,
				3602670E2C7B979B00A5C547 /* splash.png */,
				3602670C2C7B968200A5C547 /* night-view.png */,
			);
			path = Screenshots;
			sourceTree = "<group>";
		};
		3604F2012C74055300F46C62 = {
			isa = PBXGroup;
			children = (
				360267072C7B966700A5C547 /* Screenshots */,
				3604F20C2C74055300F46C62 /* weather-forecast-1 */,
				3604F20B2C74055300F46C62 /* Products */,
			);
			sourceTree = "<group>";
		};
		3604F20B2C74055300F46C62 /* Products */ = {
			isa = PBXGroup;
			children = (
				3604F20A2C74055300F46C62 /* weather-forecast-1.app */,
			);
			name = Products;
			sourceTree = "<group>";
		};
		3604F20C2C74055300F46C62 /* weather-forecast-1 */ = {
			isa = PBXGroup;
			children = (
				3617CCF02C77E7FA00A70A81 /* .gitignore */,
				3604F22C2C753C6600F46C62 /* Connector */,
				3604F2232C7538BE00F46C62 /* Shared */,
				3604F20D2C74055300F46C62 /* AppDelegate.swift */,
				3604F20F2C74055300F46C62 /* SceneDelegate.swift */,
				3604F2112C74055300F46C62 /* ViewController.swift */,
				3604F2212C750A0600F46C62 /* HourlyForecastCollectionViewCell.swift */,
				3604F2132C74055300F46C62 /* Main.storyboard */,
				3604F2162C74055500F46C62 /* Assets.xcassets */,
				3604F2182C74055500F46C62 /* LaunchScreen.storyboard */,
				3604F21B2C74055500F46C62 /* Info.plist */,
				3604F2312C76AFDD00F46C62 /* DailyForecastTableViewCell.swift */,
				3617CCF72C78CF9900A70A81 /* Core+Extensions.swift */,
			);
			path = "weather-forecast-1";
			sourceTree = "<group>";
		};
		3604F2232C7538BE00F46C62 /* Shared */ = {
			isa = PBXGroup;
			children = (
				3617CCED2C77DD7300A70A81 /* Model */,
				3604F22A2C753BC400F46C62 /* UIView+Extensions.swift */,
			);
			path = Shared;
			sourceTree = "<group>";
		};
		3604F22C2C753C6600F46C62 /* Connector */ = {
			isa = PBXGroup;
			children = (
				3604F22D2C753C8700F46C62 /* API.swift */,
				3617CCF22C77E82D00A70A81 /* OpenWeatherApiKey.swift */,
			);
			path = Connector;
			sourceTree = "<group>";
		};
		3617CCED2C77DD7300A70A81 /* Model */ = {
			isa = PBXGroup;
			children = (
				3617CCEE2C77DD8900A70A81 /* Model.swift */,
			);
			path = Model;
			sourceTree = "<group>";
		};
/* End PBXGroup section */

/* Begin PBXNativeTarget section */
		3604F2092C74055300F46C62 /* weather-forecast-1 */ = {
			isa = PBXNativeTarget;
			buildConfigurationList = 3604F21E2C74055500F46C62 /* Build configuration list for PBXNativeTarget "weather-forecast-1" */;
			buildPhases = (
				3604F2062C74055300F46C62 /* Sources */,
				3604F2072C74055300F46C62 /* Frameworks */,
				3604F2082C74055300F46C62 /* Resources */,
			);
			buildRules = (
			);
			dependencies = (
			);
			name = "weather-forecast-1";
			productName = "weather-forecast-1";
			productReference = 3604F20A2C74055300F46C62 /* weather-forecast-1.app */;
			productType = "com.apple.product-type.application";
		};
/* End PBXNativeTarget section */

/* Begin PBXProject section */
		3604F2022C74055300F46C62 /* Project object */ = {
			isa = PBXProject;
			attributes = {
				BuildIndependentTargetsInParallel = 1;
				LastSwiftUpdateCheck = 1520;
				LastUpgradeCheck = 1520;
				TargetAttributes = {
					3604F2092C74055300F46C62 = {
						CreatedOnToolsVersion = 15.2;
					};
				};
			};
			buildConfigurationList = 3604F2052C74055300F46C62 /* Build configuration list for PBXProject "weather-forecast-1" */;
			compatibilityVersion = "Xcode 14.0";
			developmentRegion = en;
			hasScannedForEncodings = 0;
			knownRegions = (
				en,
				Base,
			);
			mainGroup = 3604F2012C74055300F46C62;
			productRefGroup = 3604F20B2C74055300F46C62 /* Products */;
			projectDirPath = "";
			projectRoot = "";
			targets = (
				3604F2092C74055300F46C62 /* weather-forecast-1 */,
			);
		};
/* End PBXProject section */

/* Begin PBXResourcesBuildPhase section */
		3604F2082C74055300F46C62 /* Resources */ = {
			isa = PBXResourcesBuildPhase;
			buildActionMask = 2147483647;
			files = (
				3602670D2C7B968200A5C547 /* night-view.png in Resources */,
				3617CCF12C77E7FA00A70A81 /* .gitignore in Resources */,
				3604F21A2C74055500F46C62 /* LaunchScreen.storyboard in Resources */,
				3602670F2C7B979B00A5C547 /* splash.png in Resources */,
				3604F2172C74055500F46C62 /* Assets.xcassets in Resources */,
				360267092C7B967800A5C547 /* day-view.png in Resources */,
				3604F2152C74055300F46C62 /* Main.storyboard in Resources */,
			);
			runOnlyForDeploymentPostprocessing = 0;
		};
/* End PBXResourcesBuildPhase section */

/* Begin PBXSourcesBuildPhase section */
		3604F2062C74055300F46C62 /* Sources */ = {
			isa = PBXSourcesBuildPhase;
			buildActionMask = 2147483647;
			files = (
				3604F22B2C753BC400F46C62 /* UIView+Extensions.swift in Sources */,
				3604F2122C74055300F46C62 /* ViewController.swift in Sources */,
				3604F2322C76AFDD00F46C62 /* DailyForecastTableViewCell.swift in Sources */,
				3604F20E2C74055300F46C62 /* AppDelegate.swift in Sources */,
				3604F2222C750A0600F46C62 /* HourlyForecastCollectionViewCell.swift in Sources */,
				3617CCF32C77E82D00A70A81 /* OpenWeatherApiKey.swift in Sources */,
				3604F22E2C753C8700F46C62 /* API.swift in Sources */,
				3604F2102C74055300F46C62 /* SceneDelegate.swift in Sources */,
				3617CCEF2C77DD8900A70A81 /* Model.swift in Sources */,
				3617CCF82C78CF9900A70A81 /* Core+Extensions.swift in Sources */,
			);
			runOnlyForDeploymentPostprocessing = 0;
		};
/* End PBXSourcesBuildPhase section */

/* Begin PBXVariantGroup section */
		3604F2132C74055300F46C62 /* Main.storyboard */ = {
			isa = PBXVariantGroup;
			children = (
				3604F2142C74055300F46C62 /* Base */,
			);
			name = Main.storyboard;
			sourceTree = "<group>";
		};
		3604F2182C74055500F46C62 /* LaunchScreen.storyboard */ = {
			isa = PBXVariantGroup;
			children = (
				3604F2192C74055500F46C62 /* Base */,
			);
			name = LaunchScreen.storyboard;
			sourceTree = "<group>";
		};
/* End PBXVariantGroup section */

/* Begin XCBuildConfiguration section */
		3604F21C2C74055500F46C62 /* Debug */ = {
			isa = XCBuildConfiguration;
			buildSettings = {
				ALWAYS_SEARCH_USER_PATHS = NO;
				ASSETCATALOG_COMPILER_GENERATE_SWIFT_ASSET_SYMBOL_EXTENSIONS = YES;
				CLANG_ANALYZER_NONNULL = YES;
				CLANG_ANALYZER_NUMBER_OBJECT_CONVERSION = YES_AGGRESSIVE;
				CLANG_CXX_LANGUAGE_STANDARD = "gnu++20";
				CLANG_ENABLE_MODULES = YES;
				CLANG_ENABLE_OBJC_ARC = YES;
				CLANG_ENABLE_OBJC_WEAK = YES;
				CLANG_WARN_BLOCK_CAPTURE_AUTORELEASING = YES;
				CLANG_WARN_BOOL_CONVERSION = YES;
				CLANG_WARN_COMMA = YES;
				CLANG_WARN_CONSTANT_CONVERSION = YES;
				CLANG_WARN_DEPRECATED_OBJC_IMPLEMENTATIONS = YES;
				CLANG_WARN_DIRECT_OBJC_ISA_USAGE = YES_ERROR;
				CLANG_WARN_DOCUMENTATION_COMMENTS = YES;
				CLANG_WARN_EMPTY_BODY = YES;
				CLANG_WARN_ENUM_CONVERSION = YES;
				CLANG_WARN_INFINITE_RECURSION = YES;
				CLANG_WARN_INT_CONVERSION = YES;
				CLANG_WARN_NON_LITERAL_NULL_CONVERSION = YES;
				CLANG_WARN_OBJC_IMPLICIT_RETAIN_SELF = YES;
				CLANG_WARN_OBJC_LITERAL_CONVERSION = YES;
				CLANG_WARN_OBJC_ROOT_CLASS = YES_ERROR;
				CLANG_WARN_QUOTED_INCLUDE_IN_FRAMEWORK_HEADER = YES;
				CLANG_WARN_RANGE_LOOP_ANALYSIS = YES;
				CLANG_WARN_STRICT_PROTOTYPES = YES;
				CLANG_WARN_SUSPICIOUS_MOVE = YES;
				CLANG_WARN_UNGUARDED_AVAILABILITY = YES_AGGRESSIVE;
				CLANG_WARN_UNREACHABLE_CODE = YES;
				CLANG_WARN__DUPLICATE_METHOD_MATCH = YES;
				COPY_PHASE_STRIP = NO;
				DEBUG_INFORMATION_FORMAT = dwarf;
				ENABLE_STRICT_OBJC_MSGSEND = YES;
				ENABLE_TESTABILITY = YES;
				ENABLE_USER_SCRIPT_SANDBOXING = YES;
				GCC_C_LANGUAGE_STANDARD = gnu17;
				GCC_DYNAMIC_NO_PIC = NO;
				GCC_NO_COMMON_BLOCKS = YES;
				GCC_OPTIMIZATION_LEVEL = 0;
				GCC_PREPROCESSOR_DEFINITIONS = (
					"DEBUG=1",
					"$(inherited)",
				);
				GCC_WARN_64_TO_32_BIT_CONVERSION = YES;
				GCC_WARN_ABOUT_RETURN_TYPE = YES_ERROR;
				GCC_WARN_UNDECLARED_SELECTOR = YES;
				GCC_WARN_UNINITIALIZED_AUTOS = YES_AGGRESSIVE;
				GCC_WARN_UNUSED_FUNCTION = YES;
				GCC_WARN_UNUSED_VARIABLE = YES;
				IPHONEOS_DEPLOYMENT_TARGET = 17.2;
				LOCALIZATION_PREFERS_STRING_CATALOGS = YES;
				MTL_ENABLE_DEBUG_INFO = INCLUDE_SOURCE;
				MTL_FAST_MATH = YES;
				ONLY_ACTIVE_ARCH = YES;
				SDKROOT = iphoneos;
				SWIFT_ACTIVE_COMPILATION_CONDITIONS = "DEBUG $(inherited)";
				SWIFT_OPTIMIZATION_LEVEL = "-Onone";
			};
			name = Debug;
		};
		3604F21D2C74055500F46C62 /* Release */ = {
			isa = XCBuildConfiguration;
			buildSettings = {
				ALWAYS_SEARCH_USER_PATHS = NO;
				ASSETCATALOG_COMPILER_GENERATE_SWIFT_ASSET_SYMBOL_EXTENSIONS = YES;
				CLANG_ANALYZER_NONNULL = YES;
				CLANG_ANALYZER_NUMBER_OBJECT_CONVERSION = YES_AGGRESSIVE;
				CLANG_CXX_LANGUAGE_STANDARD = "gnu++20";
				CLANG_ENABLE_MODULES = YES;
				CLANG_ENABLE_OBJC_ARC = YES;
				CLANG_ENABLE_OBJC_WEAK = YES;
				CLANG_WARN_BLOCK_CAPTURE_AUTORELEASING = YES;
				CLANG_WARN_BOOL_CONVERSION = YES;
				CLANG_WARN_COMMA = YES;
				CLANG_WARN_CONSTANT_CONVERSION = YES;
				CLANG_WARN_DEPRECATED_OBJC_IMPLEMENTATIONS = YES;
				CLANG_WARN_DIRECT_OBJC_ISA_USAGE = YES_ERROR;
				CLANG_WARN_DOCUMENTATION_COMMENTS = YES;
				CLANG_WARN_EMPTY_BODY = YES;
				CLANG_WARN_ENUM_CONVERSION = YES;
				CLANG_WARN_INFINITE_RECURSION = YES;
				CLANG_WARN_INT_CONVERSION = YES;
				CLANG_WARN_NON_LITERAL_NULL_CONVERSION = YES;
				CLANG_WARN_OBJC_IMPLICIT_RETAIN_SELF = YES;
				CLANG_WARN_OBJC_LITERAL_CONVERSION = YES;
				CLANG_WARN_OBJC_ROOT_CLASS = YES_ERROR;
				CLANG_WARN_QUOTED_INCLUDE_IN_FRAMEWORK_HEADER = YES;
				CLANG_WARN_RANGE_LOOP_ANALYSIS = YES;
				CLANG_WARN_STRICT_PROTOTYPES = YES;
				CLANG_WARN_SUSPICIOUS_MOVE = YES;
				CLANG_WARN_UNGUARDED_AVAILABILITY = YES_AGGRESSIVE;
				CLANG_WARN_UNREACHABLE_CODE = YES;
				CLANG_WARN__DUPLICATE_METHOD_MATCH = YES;
				COPY_PHASE_STRIP = NO;
				DEBUG_INFORMATION_FORMAT = "dwarf-with-dsym";
				ENABLE_NS_ASSERTIONS = NO;
				ENABLE_STRICT_OBJC_MSGSEND = YES;
				ENABLE_USER_SCRIPT_SANDBOXING = YES;
				GCC_C_LANGUAGE_STANDARD = gnu17;
				GCC_NO_COMMON_BLOCKS = YES;
				GCC_WARN_64_TO_32_BIT_CONVERSION = YES;
				GCC_WARN_ABOUT_RETURN_TYPE = YES_ERROR;
				GCC_WARN_UNDECLARED_SELECTOR = YES;
				GCC_WARN_UNINITIALIZED_AUTOS = YES_AGGRESSIVE;
				GCC_WARN_UNUSED_FUNCTION = YES;
				GCC_WARN_UNUSED_VARIABLE = YES;
				IPHONEOS_DEPLOYMENT_TARGET = 17.2;
				LOCALIZATION_PREFERS_STRING_CATALOGS = YES;
				MTL_ENABLE_DEBUG_INFO = NO;
				MTL_FAST_MATH = YES;
				SDKROOT = iphoneos;
				SWIFT_COMPILATION_MODE = wholemodule;
				VALIDATE_PRODUCT = YES;
			};
			name = Release;
		};
		3604F21F2C74055500F46C62 /* Debug */ = {
			isa = XCBuildConfiguration;
			buildSettings = {
				ASSETCATALOG_COMPILER_APPICON_NAME = AppIcon;
				ASSETCATALOG_COMPILER_GLOBAL_ACCENT_COLOR_NAME = AccentColor;
				CODE_SIGN_STYLE = Automatic;
				CURRENT_PROJECT_VERSION = 1;
				DEVELOPMENT_TEAM = P28FT6TYR9;
				GENERATE_INFOPLIST_FILE = YES;
				INFOPLIST_FILE = "weather-forecast-1/Info.plist";
				INFOPLIST_KEY_CFBundleDisplayName = "Kronika Weather Forecast";
				INFOPLIST_KEY_LSApplicationCategoryType = "public.app-category.weather";
				INFOPLIST_KEY_NSLocationAlwaysUsageDescription = "We need your location to provide location-based services even when the app is in the background.";
				INFOPLIST_KEY_NSLocationWhenInUseUsageDescription = "We need your location to show your current position on the map.";
				INFOPLIST_KEY_UIApplicationSupportsIndirectInputEvents = YES;
				INFOPLIST_KEY_UILaunchStoryboardName = LaunchScreen.storyboard;
				INFOPLIST_KEY_UIMainStoryboardFile = Main;
				INFOPLIST_KEY_UIStatusBarHidden = YES;
				INFOPLIST_KEY_UISupportedInterfaceOrientations = UIInterfaceOrientationPortrait;
				IPHONEOS_DEPLOYMENT_TARGET = 15.0;
				LD_RUNPATH_SEARCH_PATHS = (
					"$(inherited)",
					"@executable_path/Frameworks",
				);
				MARKETING_VERSION = 1.0;
				PRODUCT_BUNDLE_IDENTIFIER = "anjasolutions.weather-forecast-1";
				PRODUCT_NAME = "$(TARGET_NAME)";
				SWIFT_EMIT_LOC_STRINGS = YES;
				SWIFT_VERSION = 5.0;
				TARGETED_DEVICE_FAMILY = "1,2";
			};
			name = Debug;
		};
		3604F2202C74055500F46C62 /* Release */ = {
			isa = XCBuildConfiguration;
			buildSettings = {
				ASSETCATALOG_COMPILER_APPICON_NAME = AppIcon;
				ASSETCATALOG_COMPILER_GLOBAL_ACCENT_COLOR_NAME = AccentColor;
				CODE_SIGN_STYLE = Automatic;
				CURRENT_PROJECT_VERSION = 1;
				DEVELOPMENT_TEAM = P28FT6TYR9;
				GENERATE_INFOPLIST_FILE = YES;
				INFOPLIST_FILE = "weather-forecast-1/Info.plist";
				INFOPLIST_KEY_CFBundleDisplayName = "Kronika Weather Forecast";
				INFOPLIST_KEY_LSApplicationCategoryType = "public.app-category.weather";
				INFOPLIST_KEY_NSLocationAlwaysUsageDescription = "We need your location to provide location-based services even when the app is in the background.";
				INFOPLIST_KEY_NSLocationWhenInUseUsageDescription = "We need your location to show your current position on the map.";
				INFOPLIST_KEY_UIApplicationSupportsIndirectInputEvents = YES;
				INFOPLIST_KEY_UILaunchStoryboardName = LaunchScreen.storyboard;
				INFOPLIST_KEY_UIMainStoryboardFile = Main;
				INFOPLIST_KEY_UIStatusBarHidden = YES;
				INFOPLIST_KEY_UISupportedInterfaceOrientations = UIInterfaceOrientationPortrait;
				IPHONEOS_DEPLOYMENT_TARGET = 15.0;
				LD_RUNPATH_SEARCH_PATHS = (
					"$(inherited)",
					"@executable_path/Frameworks",
				);
				MARKETING_VERSION = 1.0;
				PRODUCT_BUNDLE_IDENTIFIER = "anjasolutions.weather-forecast-1";
				PRODUCT_NAME = "$(TARGET_NAME)";
				SWIFT_EMIT_LOC_STRINGS = YES;
				SWIFT_VERSION = 5.0;
				TARGETED_DEVICE_FAMILY = "1,2";
			};
			name = Release;
		};
/* End XCBuildConfiguration section */

/* Begin XCConfigurationList section */
		3604F2052C74055300F46C62 /* Build configuration list for PBXProject "weather-forecast-1" */ = {
			isa = XCConfigurationList;
			buildConfigurations = (
				3604F21C2C74055500F46C62 /* Debug */,
				3604F21D2C74055500F46C62 /* Release */,
			);
			defaultConfigurationIsVisible = 0;
			defaultConfigurationName = Release;
		};
		3604F21E2C74055500F46C62 /* Build configuration list for PBXNativeTarget "weather-forecast-1" */ = {
			isa = XCConfigurationList;
			buildConfigurations = (
				3604F21F2C74055500F46C62 /* Debug */,
				3604F2202C74055500F46C62 /* Release */,
			);
			defaultConfigurationIsVisible = 0;
			defaultConfigurationName = Release;
		};
/* End XCConfigurationList section */
	};
	rootObject = 3604F2022C74055300F46C62 /* Project object */;
}
